// !$*UTF8*$!
{
	archiveVersion = 1;
	classes = {
	};
	objectVersion = 55;
	objects = {

/* Begin PBXBuildFile section */
		FFBB37E828572632008D58DF /* AppDelegate.swift in Sources */ = {isa = PBXBuildFile; fileRef = FFBB37E728572632008D58DF /* AppDelegate.swift */; };
		FFBB37EC28572632008D58DF /* ViewController.swift in Sources */ = {isa = PBXBuildFile; fileRef = FFBB37EB28572632008D58DF /* ViewController.swift */; };
		FFBB37EF28572632008D58DF /* Main.storyboard in Resources */ = {isa = PBXBuildFile; fileRef = FFBB37ED28572632008D58DF /* Main.storyboard */; };
		FFBB37F228572632008D58DF /* ProjectCoreData.xcdatamodeld in Sources */ = {isa = PBXBuildFile; fileRef = FFBB37F028572632008D58DF /* ProjectCoreData.xcdatamodeld */; };
		FFBB37F428572635008D58DF /* Assets.xcassets in Resources */ = {isa = PBXBuildFile; fileRef = FFBB37F328572635008D58DF /* Assets.xcassets */; };
		FFBB37F728572635008D58DF /* LaunchScreen.storyboard in Resources */ = {isa = PBXBuildFile; fileRef = FFBB37F528572635008D58DF /* LaunchScreen.storyboard */; };
		FFBB3807285728A9008D58DF /* UIColor+Extension.swift in Sources */ = {isa = PBXBuildFile; fileRef = FFBB3806285728A9008D58DF /* UIColor+Extension.swift */; };
		FFBB380F28572A24008D58DF /* FirstWindowController.swift in Sources */ = {isa = PBXBuildFile; fileRef = FFBB380E28572A24008D58DF /* FirstWindowController.swift */; };
		FFBB381128572C18008D58DF /* FirstWindowView.swift in Sources */ = {isa = PBXBuildFile; fileRef = FFBB381028572C18008D58DF /* FirstWindowView.swift */; };
		FFBB381428572C65008D58DF /* WindowDelegate.swift in Sources */ = {isa = PBXBuildFile; fileRef = FFBB381328572C65008D58DF /* WindowDelegate.swift */; };
		FFBB381628573048008D58DF /* FirstWindowTableCell.swift in Sources */ = {isa = PBXBuildFile; fileRef = FFBB381528573048008D58DF /* FirstWindowTableCell.swift */; };
		FFBB381828573A7C008D58DF /* FirstWindowModel.swift in Sources */ = {isa = PBXBuildFile; fileRef = FFBB381728573A7C008D58DF /* FirstWindowModel.swift */; };
/* End PBXBuildFile section */

/* Begin PBXFileReference section */
		FFBB37E428572632008D58DF /* ProjectCoreData.app */ = {isa = PBXFileReference; explicitFileType = wrapper.application; includeInIndex = 0; path = ProjectCoreData.app; sourceTree = BUILT_PRODUCTS_DIR; };
		FFBB37E728572632008D58DF /* AppDelegate.swift */ = {isa = PBXFileReference; lastKnownFileType = sourcecode.swift; path = AppDelegate.swift; sourceTree = "<group>"; };
		FFBB37EB28572632008D58DF /* ViewController.swift */ = {isa = PBXFileReference; lastKnownFileType = sourcecode.swift; path = ViewController.swift; sourceTree = "<group>"; };
		FFBB37EE28572632008D58DF /* Base */ = {isa = PBXFileReference; lastKnownFileType = file.storyboard; name = Base; path = Base.lproj/Main.storyboard; sourceTree = "<group>"; };
		FFBB37F128572632008D58DF /* ProjectCoreData.xcdatamodel */ = {isa = PBXFileReference; lastKnownFileType = wrapper.xcdatamodel; path = ProjectCoreData.xcdatamodel; sourceTree = "<group>"; };
		FFBB37F328572635008D58DF /* Assets.xcassets */ = {isa = PBXFileReference; lastKnownFileType = folder.assetcatalog; path = Assets.xcassets; sourceTree = "<group>"; };
		FFBB37F628572635008D58DF /* Base */ = {isa = PBXFileReference; lastKnownFileType = file.storyboard; name = Base; path = Base.lproj/LaunchScreen.storyboard; sourceTree = "<group>"; };
		FFBB37F828572635008D58DF /* Info.plist */ = {isa = PBXFileReference; lastKnownFileType = text.plist.xml; path = Info.plist; sourceTree = "<group>"; };
		FFBB3806285728A9008D58DF /* UIColor+Extension.swift */ = {isa = PBXFileReference; lastKnownFileType = sourcecode.swift; path = "UIColor+Extension.swift"; sourceTree = "<group>"; };
		FFBB380E28572A24008D58DF /* FirstWindowController.swift */ = {isa = PBXFileReference; lastKnownFileType = sourcecode.swift; path = FirstWindowController.swift; sourceTree = "<group>"; };
		FFBB381028572C18008D58DF /* FirstWindowView.swift */ = {isa = PBXFileReference; lastKnownFileType = sourcecode.swift; path = FirstWindowView.swift; sourceTree = "<group>"; };
		FFBB381328572C65008D58DF /* WindowDelegate.swift */ = {isa = PBXFileReference; lastKnownFileType = sourcecode.swift; path = WindowDelegate.swift; sourceTree = "<group>"; };
		FFBB381528573048008D58DF /* FirstWindowTableCell.swift */ = {isa = PBXFileReference; lastKnownFileType = sourcecode.swift; path = FirstWindowTableCell.swift; sourceTree = "<group>"; };
		FFBB381728573A7C008D58DF /* FirstWindowModel.swift */ = {isa = PBXFileReference; lastKnownFileType = sourcecode.swift; path = FirstWindowModel.swift; sourceTree = "<group>"; };
/* End PBXFileReference section */

/* Begin PBXFrameworksBuildPhase section */
		FFBB37E128572632008D58DF /* Frameworks */ = {
			isa = PBXFrameworksBuildPhase;
			buildActionMask = 2147483647;
			files = (
			);
			runOnlyForDeploymentPostprocessing = 0;
		};
/* End PBXFrameworksBuildPhase section */

/* Begin PBXGroup section */
		FFBB37DB28572632008D58DF = {
			isa = PBXGroup;
			children = (
				FFBB37E628572632008D58DF /* ProjectCoreData */,
				FFBB37E528572632008D58DF /* Products */,
			);
			sourceTree = "<group>";
		};
		FFBB37E528572632008D58DF /* Products */ = {
			isa = PBXGroup;
			children = (
				FFBB37E428572632008D58DF /* ProjectCoreData.app */,
			);
			name = Products;
			sourceTree = "<group>";
		};
		FFBB37E628572632008D58DF /* ProjectCoreData */ = {
			isa = PBXGroup;
			children = (
				FFBB37FF28572643008D58DF /* Resources */,
				FFBB37FE2857263B008D58DF /* Sources */,
			);
			path = ProjectCoreData;
			sourceTree = "<group>";
		};
		FFBB37FE2857263B008D58DF /* Sources */ = {
			isa = PBXGroup;
			children = (
				FFBB38002857264A008D58DF /* App */,
				FFBB38012857264E008D58DF /* Scene */,
			);
			path = Sources;
			sourceTree = "<group>";
		};
		FFBB37FF28572643008D58DF /* Resources */ = {
			isa = PBXGroup;
			children = (
				FFBB37F328572635008D58DF /* Assets.xcassets */,
				FFBB38042857266C008D58DF /* Data */,
				FFBB380328572663008D58DF /* Storyboard */,
				FFBB38022857265C008D58DF /* Configs */,
			);
			path = Resources;
			sourceTree = "<group>";
		};
		FFBB38002857264A008D58DF /* App */ = {
			isa = PBXGroup;
			children = (
				FFBB37E728572632008D58DF /* AppDelegate.swift */,
			);
			path = App;
			sourceTree = "<group>";
		};
		FFBB38012857264E008D58DF /* Scene */ = {
			isa = PBXGroup;
			children = (
				FFBB381228572C52008D58DF /* Delegate */,
				FFBB380A285729F1008D58DF /* Model */,
				FFBB3809285729ED008D58DF /* View */,
				FFBB3808285729DC008D58DF /* Controller */,
				FFBB380528572897008D58DF /* Extension */,
				FFBB37EB28572632008D58DF /* ViewController.swift */,
			);
			path = Scene;
			sourceTree = "<group>";
		};
		FFBB38022857265C008D58DF /* Configs */ = {
			isa = PBXGroup;
			children = (
				FFBB37F828572635008D58DF /* Info.plist */,
			);
			path = Configs;
			sourceTree = "<group>";
		};
		FFBB380328572663008D58DF /* Storyboard */ = {
			isa = PBXGroup;
			children = (
				FFBB37ED28572632008D58DF /* Main.storyboard */,
				FFBB37F528572635008D58DF /* LaunchScreen.storyboard */,
			);
			path = Storyboard;
			sourceTree = "<group>";
		};
		FFBB38042857266C008D58DF /* Data */ = {
			isa = PBXGroup;
			children = (
				FFBB37F028572632008D58DF /* ProjectCoreData.xcdatamodeld */,
			);
			path = Data;
			sourceTree = "<group>";
		};
		FFBB380528572897008D58DF /* Extension */ = {
			isa = PBXGroup;
			children = (
				FFBB3806285728A9008D58DF /* UIColor+Extension.swift */,
			);
			path = Extension;
			sourceTree = "<group>";
		};
		FFBB3808285729DC008D58DF /* Controller */ = {
			isa = PBXGroup;
			children = (
				FFBB380B285729F6008D58DF /* FirstWindowController */,
			);
			path = Controller;
			sourceTree = "<group>";
		};
		FFBB3809285729ED008D58DF /* View */ = {
			isa = PBXGroup;
			children = (
				FFBB380C285729FC008D58DF /* FirstWindowView */,
			);
			path = View;
			sourceTree = "<group>";
		};
		FFBB380A285729F1008D58DF /* Model */ = {
			isa = PBXGroup;
			children = (
				FFBB380D28572A11008D58DF /* FirstWindowModel */,
			);
			path = Model;
			sourceTree = "<group>";
		};
		FFBB380B285729F6008D58DF /* FirstWindowController */ = {
			isa = PBXGroup;
			children = (
				FFBB380E28572A24008D58DF /* FirstWindowController.swift */,
			);
			path = FirstWindowController;
			sourceTree = "<group>";
		};
		FFBB380C285729FC008D58DF /* FirstWindowView */ = {
			isa = PBXGroup;
			children = (
				FFBB381028572C18008D58DF /* FirstWindowView.swift */,
				FFBB381528573048008D58DF /* FirstWindowTableCell.swift */,
			);
			path = FirstWindowView;
			sourceTree = "<group>";
		};
		FFBB380D28572A11008D58DF /* FirstWindowModel */ = {
			isa = PBXGroup;
			children = (
				FFBB381728573A7C008D58DF /* FirstWindowModel.swift */,
			);
			path = FirstWindowModel;
			sourceTree = "<group>";
		};
		FFBB381228572C52008D58DF /* Delegate */ = {
			isa = PBXGroup;
			children = (
				FFBB381328572C65008D58DF /* WindowDelegate.swift */,
			);
			path = Delegate;
			sourceTree = "<group>";
		};
/* End PBXGroup section */

/* Begin PBXNativeTarget section */
		FFBB37E328572632008D58DF /* ProjectCoreData */ = {
			isa = PBXNativeTarget;
			buildConfigurationList = FFBB37FB28572635008D58DF /* Build configuration list for PBXNativeTarget "ProjectCoreData" */;
			buildPhases = (
				FFBB37E028572632008D58DF /* Sources */,
				FFBB37E128572632008D58DF /* Frameworks */,
				FFBB37E228572632008D58DF /* Resources */,
			);
			buildRules = (
			);
			dependencies = (
			);
			name = ProjectCoreData;
			productName = ProjectCoreData;
			productReference = FFBB37E428572632008D58DF /* ProjectCoreData.app */;
			productType = "com.apple.product-type.application";
		};
/* End PBXNativeTarget section */

/* Begin PBXProject section */
		FFBB37DC28572632008D58DF /* Project object */ = {
			isa = PBXProject;
			attributes = {
				BuildIndependentTargetsInParallel = 1;
				LastSwiftUpdateCheck = 1340;
				LastUpgradeCheck = 1340;
				TargetAttributes = {
					FFBB37E328572632008D58DF = {
						CreatedOnToolsVersion = 13.4.1;
					};
				};
			};
			buildConfigurationList = FFBB37DF28572632008D58DF /* Build configuration list for PBXProject "ProjectCoreData" */;
			compatibilityVersion = "Xcode 13.0";
			developmentRegion = en;
			hasScannedForEncodings = 0;
			knownRegions = (
				en,
				Base,
			);
			mainGroup = FFBB37DB28572632008D58DF;
			productRefGroup = FFBB37E528572632008D58DF /* Products */;
			projectDirPath = "";
			projectRoot = "";
			targets = (
				FFBB37E328572632008D58DF /* ProjectCoreData */,
			);
		};
/* End PBXProject section */

/* Begin PBXResourcesBuildPhase section */
		FFBB37E228572632008D58DF /* Resources */ = {
			isa = PBXResourcesBuildPhase;
			buildActionMask = 2147483647;
			files = (
				FFBB37F728572635008D58DF /* LaunchScreen.storyboard in Resources */,
				FFBB37F428572635008D58DF /* Assets.xcassets in Resources */,
				FFBB37EF28572632008D58DF /* Main.storyboard in Resources */,
			);
			runOnlyForDeploymentPostprocessing = 0;
		};
/* End PBXResourcesBuildPhase section */

/* Begin PBXSourcesBuildPhase section */
		FFBB37E028572632008D58DF /* Sources */ = {
			isa = PBXSourcesBuildPhase;
			buildActionMask = 2147483647;
			files = (
				FFBB37EC28572632008D58DF /* ViewController.swift in Sources */,
				FFBB37E828572632008D58DF /* AppDelegate.swift in Sources */,
				FFBB381828573A7C008D58DF /* FirstWindowModel.swift in Sources */,
				FFBB381428572C65008D58DF /* WindowDelegate.swift in Sources */,
				FFBB37F228572632008D58DF /* ProjectCoreData.xcdatamodeld in Sources */,
				FFBB3807285728A9008D58DF /* UIColor+Extension.swift in Sources */,
				FFBB381628573048008D58DF /* FirstWindowTableCell.swift in Sources */,
				FFBB380F28572A24008D58DF /* FirstWindowController.swift in Sources */,
				FFBB381128572C18008D58DF /* FirstWindowView.swift in Sources */,
			);
			runOnlyForDeploymentPostprocessing = 0;
		};
/* End PBXSourcesBuildPhase section */

/* Begin PBXVariantGroup section */
		FFBB37ED28572632008D58DF /* Main.storyboard */ = {
			isa = PBXVariantGroup;
			children = (
				FFBB37EE28572632008D58DF /* Base */,
			);
			name = Main.storyboard;
			sourceTree = "<group>";
		};
		FFBB37F528572635008D58DF /* LaunchScreen.storyboard */ = {
			isa = PBXVariantGroup;
			children = (
				FFBB37F628572635008D58DF /* Base */,
			);
			name = LaunchScreen.storyboard;
			sourceTree = "<group>";
		};
/* End PBXVariantGroup section */

/* Begin XCBuildConfiguration section */
		FFBB37F928572635008D58DF /* Debug */ = {
			isa = XCBuildConfiguration;
			buildSettings = {
				ALWAYS_SEARCH_USER_PATHS = NO;
				CLANG_ANALYZER_NONNULL = YES;
				CLANG_ANALYZER_NUMBER_OBJECT_CONVERSION = YES_AGGRESSIVE;
				CLANG_CXX_LANGUAGE_STANDARD = "gnu++17";
				CLANG_ENABLE_MODULES = YES;
				CLANG_ENABLE_OBJC_ARC = YES;
				CLANG_ENABLE_OBJC_WEAK = YES;
				CLANG_WARN_BLOCK_CAPTURE_AUTORELEASING = YES;
				CLANG_WARN_BOOL_CONVERSION = YES;
				CLANG_WARN_COMMA = YES;
				CLANG_WARN_CONSTANT_CONVERSION = YES;
				CLANG_WARN_DEPRECATED_OBJC_IMPLEMENTATIONS = YES;
				CLANG_WARN_DIRECT_OBJC_ISA_USAGE = YES_ERROR;
				CLANG_WARN_DOCUMENTATION_COMMENTS = YES;
				CLANG_WARN_EMPTY_BODY = YES;
				CLANG_WARN_ENUM_CONVERSION = YES;
				CLANG_WARN_INFINITE_RECURSION = YES;
				CLANG_WARN_INT_CONVERSION = YES;
				CLANG_WARN_NON_LITERAL_NULL_CONVERSION = YES;
				CLANG_WARN_OBJC_IMPLICIT_RETAIN_SELF = YES;
				CLANG_WARN_OBJC_LITERAL_CONVERSION = YES;
				CLANG_WARN_OBJC_ROOT_CLASS = YES_ERROR;
				CLANG_WARN_QUOTED_INCLUDE_IN_FRAMEWORK_HEADER = YES;
				CLANG_WARN_RANGE_LOOP_ANALYSIS = YES;
				CLANG_WARN_STRICT_PROTOTYPES = YES;
				CLANG_WARN_SUSPICIOUS_MOVE = YES;
				CLANG_WARN_UNGUARDED_AVAILABILITY = YES_AGGRESSIVE;
				CLANG_WARN_UNREACHABLE_CODE = YES;
				CLANG_WARN__DUPLICATE_METHOD_MATCH = YES;
				COPY_PHASE_STRIP = NO;
				DEBUG_INFORMATION_FORMAT = dwarf;
				ENABLE_STRICT_OBJC_MSGSEND = YES;
				ENABLE_TESTABILITY = YES;
				GCC_C_LANGUAGE_STANDARD = gnu11;
				GCC_DYNAMIC_NO_PIC = NO;
				GCC_NO_COMMON_BLOCKS = YES;
				GCC_OPTIMIZATION_LEVEL = 0;
				GCC_PREPROCESSOR_DEFINITIONS = (
					"DEBUG=1",
					"$(inherited)",
				);
				GCC_WARN_64_TO_32_BIT_CONVERSION = YES;
				GCC_WARN_ABOUT_RETURN_TYPE = YES_ERROR;
				GCC_WARN_UNDECLARED_SELECTOR = YES;
				GCC_WARN_UNINITIALIZED_AUTOS = YES_AGGRESSIVE;
				GCC_WARN_UNUSED_FUNCTION = YES;
				GCC_WARN_UNUSED_VARIABLE = YES;
				IPHONEOS_DEPLOYMENT_TARGET = 15.5;
				MTL_ENABLE_DEBUG_INFO = INCLUDE_SOURCE;
				MTL_FAST_MATH = YES;
				ONLY_ACTIVE_ARCH = YES;
				SDKROOT = iphoneos;
				SWIFT_ACTIVE_COMPILATION_CONDITIONS = DEBUG;
				SWIFT_OPTIMIZATION_LEVEL = "-Onone";
			};
			name = Debug;
		};
		FFBB37FA28572635008D58DF /* Release */ = {
			isa = XCBuildConfiguration;
			buildSettings = {
				ALWAYS_SEARCH_USER_PATHS = NO;
				CLANG_ANALYZER_NONNULL = YES;
				CLANG_ANALYZER_NUMBER_OBJECT_CONVERSION = YES_AGGRESSIVE;
				CLANG_CXX_LANGUAGE_STANDARD = "gnu++17";
				CLANG_ENABLE_MODULES = YES;
				CLANG_ENABLE_OBJC_ARC = YES;
				CLANG_ENABLE_OBJC_WEAK = YES;
				CLANG_WARN_BLOCK_CAPTURE_AUTORELEASING = YES;
				CLANG_WARN_BOOL_CONVERSION = YES;
				CLANG_WARN_COMMA = YES;
				CLANG_WARN_CONSTANT_CONVERSION = YES;
				CLANG_WARN_DEPRECATED_OBJC_IMPLEMENTATIONS = YES;
				CLANG_WARN_DIRECT_OBJC_ISA_USAGE = YES_ERROR;
				CLANG_WARN_DOCUMENTATION_COMMENTS = YES;
				CLANG_WARN_EMPTY_BODY = YES;
				CLANG_WARN_ENUM_CONVERSION = YES;
				CLANG_WARN_INFINITE_RECURSION = YES;
				CLANG_WARN_INT_CONVERSION = YES;
				CLANG_WARN_NON_LITERAL_NULL_CONVERSION = YES;
				CLANG_WARN_OBJC_IMPLICIT_RETAIN_SELF = YES;
				CLANG_WARN_OBJC_LITERAL_CONVERSION = YES;
				CLANG_WARN_OBJC_ROOT_CLASS = YES_ERROR;
				CLANG_WARN_QUOTED_INCLUDE_IN_FRAMEWORK_HEADER = YES;
				CLANG_WARN_RANGE_LOOP_ANALYSIS = YES;
				CLANG_WARN_STRICT_PROTOTYPES = YES;
				CLANG_WARN_SUSPICIOUS_MOVE = YES;
				CLANG_WARN_UNGUARDED_AVAILABILITY = YES_AGGRESSIVE;
				CLANG_WARN_UNREACHABLE_CODE = YES;
				CLANG_WARN__DUPLICATE_METHOD_MATCH = YES;
				COPY_PHASE_STRIP = NO;
				DEBUG_INFORMATION_FORMAT = "dwarf-with-dsym";
				ENABLE_NS_ASSERTIONS = NO;
				ENABLE_STRICT_OBJC_MSGSEND = YES;
				GCC_C_LANGUAGE_STANDARD = gnu11;
				GCC_NO_COMMON_BLOCKS = YES;
				GCC_WARN_64_TO_32_BIT_CONVERSION = YES;
				GCC_WARN_ABOUT_RETURN_TYPE = YES_ERROR;
				GCC_WARN_UNDECLARED_SELECTOR = YES;
				GCC_WARN_UNINITIALIZED_AUTOS = YES_AGGRESSIVE;
				GCC_WARN_UNUSED_FUNCTION = YES;
				GCC_WARN_UNUSED_VARIABLE = YES;
				IPHONEOS_DEPLOYMENT_TARGET = 15.5;
				MTL_ENABLE_DEBUG_INFO = NO;
				MTL_FAST_MATH = YES;
				SDKROOT = iphoneos;
				SWIFT_COMPILATION_MODE = wholemodule;
				SWIFT_OPTIMIZATION_LEVEL = "-O";
				VALIDATE_PRODUCT = YES;
			};
			name = Release;
		};
		FFBB37FC28572635008D58DF /* Debug */ = {
			isa = XCBuildConfiguration;
			buildSettings = {
				ASSETCATALOG_COMPILER_APPICON_NAME = AppIcon;
				ASSETCATALOG_COMPILER_GLOBAL_ACCENT_COLOR_NAME = AccentColor;
				CODE_SIGN_STYLE = Automatic;
				CURRENT_PROJECT_VERSION = 1;
				DEVELOPMENT_TEAM = 4Q633P5RZ5;
				GENERATE_INFOPLIST_FILE = YES;
				INFOPLIST_FILE = ProjectCoreData/Resources/Configs/Info.plist;
				INFOPLIST_KEY_UIApplicationSupportsIndirectInputEvents = YES;
				INFOPLIST_KEY_UILaunchStoryboardName = LaunchScreen;
				INFOPLIST_KEY_UIMainStoryboardFile = Main;
				INFOPLIST_KEY_UISupportedInterfaceOrientations_iPad = "UIInterfaceOrientationPortrait UIInterfaceOrientationPortraitUpsideDown UIInterfaceOrientationLandscapeLeft UIInterfaceOrientationLandscapeRight";
				INFOPLIST_KEY_UISupportedInterfaceOrientations_iPhone = "UIInterfaceOrientationPortrait UIInterfaceOrientationLandscapeLeft UIInterfaceOrientationLandscapeRight";
				LD_RUNPATH_SEARCH_PATHS = (
					"$(inherited)",
					"@executable_path/Frameworks",
				);
				MARKETING_VERSION = 1.0;
				PRODUCT_BUNDLE_IDENTIFIER = KretiukDasha.ProjectCoreData;
				PRODUCT_NAME = "$(TARGET_NAME)";
				SWIFT_EMIT_LOC_STRINGS = YES;
				SWIFT_VERSION = 5.0;
				TARGETED_DEVICE_FAMILY = "1,2";
			};
			name = Debug;
		};
		FFBB37FD28572635008D58DF /* Release */ = {
			isa = XCBuildConfiguration;
			buildSettings = {
				ASSETCATALOG_COMPILER_APPICON_NAME = AppIcon;
				ASSETCATALOG_COMPILER_GLOBAL_ACCENT_COLOR_NAME = AccentColor;
				CODE_SIGN_STYLE = Automatic;
				CURRENT_PROJECT_VERSION = 1;
				DEVELOPMENT_TEAM = 4Q633P5RZ5;
				GENERATE_INFOPLIST_FILE = YES;
				INFOPLIST_FILE = ProjectCoreData/Resources/Configs/Info.plist;
				INFOPLIST_KEY_UIApplicationSupportsIndirectInputEvents = YES;
				INFOPLIST_KEY_UILaunchStoryboardName = LaunchScreen;
				INFOPLIST_KEY_UIMainStoryboardFile = Main;
				INFOPLIST_KEY_UISupportedInterfaceOrientations_iPad = "UIInterfaceOrientationPortrait UIInterfaceOrientationPortraitUpsideDown UIInterfaceOrientationLandscapeLeft UIInterfaceOrientationLandscapeRight";
				INFOPLIST_KEY_UISupportedInterfaceOrientations_iPhone = "UIInterfaceOrientationPortrait UIInterfaceOrientationLandscapeLeft UIInterfaceOrientationLandscapeRight";
				LD_RUNPATH_SEARCH_PATHS = (
					"$(inherited)",
					"@executable_path/Frameworks",
				);
				MARKETING_VERSION = 1.0;
				PRODUCT_BUNDLE_IDENTIFIER = KretiukDasha.ProjectCoreData;
				PRODUCT_NAME = "$(TARGET_NAME)";
				SWIFT_EMIT_LOC_STRINGS = YES;
				SWIFT_VERSION = 5.0;
				TARGETED_DEVICE_FAMILY = "1,2";
			};
			name = Release;
		};
/* End XCBuildConfiguration section */

/* Begin XCConfigurationList section */
		FFBB37DF28572632008D58DF /* Build configuration list for PBXProject "ProjectCoreData" */ = {
			isa = XCConfigurationList;
			buildConfigurations = (
				FFBB37F928572635008D58DF /* Debug */,
				FFBB37FA28572635008D58DF /* Release */,
			);
			defaultConfigurationIsVisible = 0;
			defaultConfigurationName = Release;
		};
		FFBB37FB28572635008D58DF /* Build configuration list for PBXNativeTarget "ProjectCoreData" */ = {
			isa = XCConfigurationList;
			buildConfigurations = (
				FFBB37FC28572635008D58DF /* Debug */,
				FFBB37FD28572635008D58DF /* Release */,
			);
			defaultConfigurationIsVisible = 0;
			defaultConfigurationName = Release;
		};
/* End XCConfigurationList section */

/* Begin XCVersionGroup section */
		FFBB37F028572632008D58DF /* ProjectCoreData.xcdatamodeld */ = {
			isa = XCVersionGroup;
			children = (
				FFBB37F128572632008D58DF /* ProjectCoreData.xcdatamodel */,
			);
			currentVersion = FFBB37F128572632008D58DF /* ProjectCoreData.xcdatamodel */;
			path = ProjectCoreData.xcdatamodeld;
			sourceTree = "<group>";
			versionGroupType = wrapper.xcdatamodel;
		};
/* End XCVersionGroup section */
	};
	rootObject = FFBB37DC28572632008D58DF /* Project object */;
}
